// !$*UTF8*$!
{
	archiveVersion = 1;
	classes = {
	};
	objectVersion = 50;
	objects = {

/* Begin PBXBuildFile section */
		431458429E6C689A87B9FA79 /* Pods_05_Dropdown.framework in Frameworks */ = {isa = PBXBuildFile; fileRef = 8858266420F612525C79A31C /* Pods_05_Dropdown.framework */; };
		BB25295B22155EA200DB9671 /* AppDelegate.swift in Sources */ = {isa = PBXBuildFile; fileRef = BB25295A22155EA200DB9671 /* AppDelegate.swift */; };
		BB25295D22155EA200DB9671 /* ViewController.swift in Sources */ = {isa = PBXBuildFile; fileRef = BB25295C22155EA200DB9671 /* ViewController.swift */; };
		BB25296022155EA200DB9671 /* Main.storyboard in Resources */ = {isa = PBXBuildFile; fileRef = BB25295E22155EA200DB9671 /* Main.storyboard */; };
		BB25296222155EA300DB9671 /* Assets.xcassets in Resources */ = {isa = PBXBuildFile; fileRef = BB25296122155EA300DB9671 /* Assets.xcassets */; };
		BB25296522155EA300DB9671 /* LaunchScreen.storyboard in Resources */ = {isa = PBXBuildFile; fileRef = BB25296322155EA300DB9671 /* LaunchScreen.storyboard */; };
/* End PBXBuildFile section */

/* Begin PBXFileReference section */
		399EF8DC2BE86AC57373667B /* Pods-05_Dropdown.debug.xcconfig */ = {isa = PBXFileReference; includeInIndex = 1; lastKnownFileType = text.xcconfig; name = "Pods-05_Dropdown.debug.xcconfig"; path = "Target Support Files/Pods-05_Dropdown/Pods-05_Dropdown.debug.xcconfig"; sourceTree = "<group>"; };
		8858266420F612525C79A31C /* Pods_05_Dropdown.framework */ = {isa = PBXFileReference; explicitFileType = wrapper.framework; includeInIndex = 0; path = Pods_05_Dropdown.framework; sourceTree = BUILT_PRODUCTS_DIR; };
		BB25295722155EA200DB9671 /* 05_Dropdown.app */ = {isa = PBXFileReference; explicitFileType = wrapper.application; includeInIndex = 0; path = 05_Dropdown.app; sourceTree = BUILT_PRODUCTS_DIR; };
		BB25295A22155EA200DB9671 /* AppDelegate.swift */ = {isa = PBXFileReference; lastKnownFileType = sourcecode.swift; path = AppDelegate.swift; sourceTree = "<group>"; };
		BB25295C22155EA200DB9671 /* ViewController.swift */ = {isa = PBXFileReference; lastKnownFileType = sourcecode.swift; path = ViewController.swift; sourceTree = "<group>"; };
		BB25295F22155EA200DB9671 /* Base */ = {isa = PBXFileReference; lastKnownFileType = file.storyboard; name = Base; path = Base.lproj/Main.storyboard; sourceTree = "<group>"; };
		BB25296122155EA300DB9671 /* Assets.xcassets */ = {isa = PBXFileReference; lastKnownFileType = folder.assetcatalog; path = Assets.xcassets; sourceTree = "<group>"; };
		BB25296422155EA300DB9671 /* Base */ = {isa = PBXFileReference; lastKnownFileType = file.storyboard; name = Base; path = Base.lproj/LaunchScreen.storyboard; sourceTree = "<group>"; };
		BB25296622155EA400DB9671 /* Info.plist */ = {isa = PBXFileReference; lastKnownFileType = text.plist.xml; path = Info.plist; sourceTree = "<group>"; };
		DDA2085A83525312E4F10BEC /* Pods-05_Dropdown.release.xcconfig */ = {isa = PBXFileReference; includeInIndex = 1; lastKnownFileType = text.xcconfig; name = "Pods-05_Dropdown.release.xcconfig"; path = "Target Support Files/Pods-05_Dropdown/Pods-05_Dropdown.release.xcconfig"; sourceTree = "<group>"; };
/* End PBXFileReference section */

/* Begin PBXFrameworksBuildPhase section */
		BB25295422155EA200DB9671 /* Frameworks */ = {
			isa = PBXFrameworksBuildPhase;
			buildActionMask = 2147483647;
			files = (
				431458429E6C689A87B9FA79 /* Pods_05_Dropdown.framework in Frameworks */,
			);
			runOnlyForDeploymentPostprocessing = 0;
		};
/* End PBXFrameworksBuildPhase section */

/* Begin PBXGroup section */
		8D2A8EA3F320D4420AC7B7A9 /* Frameworks */ = {
			isa = PBXGroup;
			children = (
				8858266420F612525C79A31C /* Pods_05_Dropdown.framework */,
			);
			name = Frameworks;
			sourceTree = "<group>";
		};
		BB25294E22155EA200DB9671 = {
			isa = PBXGroup;
			children = (
				BB25295922155EA200DB9671 /* 05_Dropdown */,
				BB25295822155EA200DB9671 /* Products */,
				BC27C6CC121F320473B8139F /* Pods */,
				8D2A8EA3F320D4420AC7B7A9 /* Frameworks */,
			);
			sourceTree = "<group>";
		};
		BB25295822155EA200DB9671 /* Products */ = {
			isa = PBXGroup;
			children = (
				BB25295722155EA200DB9671 /* 05_Dropdown.app */,
			);
			name = Products;
			sourceTree = "<group>";
		};
		BB25295922155EA200DB9671 /* 05_Dropdown */ = {
			isa = PBXGroup;
			children = (
				BB25295A22155EA200DB9671 /* AppDelegate.swift */,
				BB25295C22155EA200DB9671 /* ViewController.swift */,
				BB25295E22155EA200DB9671 /* Main.storyboard */,
				BB25296122155EA300DB9671 /* Assets.xcassets */,
				BB25296322155EA300DB9671 /* LaunchScreen.storyboard */,
				BB25296622155EA400DB9671 /* Info.plist */,
			);
			path = 05_Dropdown;
			sourceTree = "<group>";
		};
		BC27C6CC121F320473B8139F /* Pods */ = {
			isa = PBXGroup;
			children = (
				399EF8DC2BE86AC57373667B /* Pods-05_Dropdown.debug.xcconfig */,
				DDA2085A83525312E4F10BEC /* Pods-05_Dropdown.release.xcconfig */,
			);
			name = Pods;
			path = Pods;
			sourceTree = "<group>";
		};
/* End PBXGroup section */

/* Begin PBXNativeTarget section */
		BB25295622155EA200DB9671 /* 05_Dropdown */ = {
			isa = PBXNativeTarget;
			buildConfigurationList = BB25296922155EA400DB9671 /* Build configuration list for PBXNativeTarget "05_Dropdown" */;
			buildPhases = (
				18084908230DA3119A7E35F8 /* [CP] Check Pods Manifest.lock */,
				BB25295322155EA200DB9671 /* Sources */,
				BB25295422155EA200DB9671 /* Frameworks */,
				BB25295522155EA200DB9671 /* Resources */,
				11126150D6B0B5EC6EB13B18 /* [CP] Embed Pods Frameworks */,
			);
			buildRules = (
			);
			dependencies = (
			);
			name = 05_Dropdown;
			productName = 05_Dropdown;
			productReference = BB25295722155EA200DB9671 /* 05_Dropdown.app */;
			productType = "com.apple.product-type.application";
		};
/* End PBXNativeTarget section */

/* Begin PBXProject section */
		BB25294F22155EA200DB9671 /* Project object */ = {
			isa = PBXProject;
			attributes = {
				LastSwiftUpdateCheck = 1010;
				LastUpgradeCheck = 1010;
				ORGANIZATIONNAME = gunw;
				TargetAttributes = {
					BB25295622155EA200DB9671 = {
						CreatedOnToolsVersion = 10.1;
					};
				};
			};
			buildConfigurationList = BB25295222155EA200DB9671 /* Build configuration list for PBXProject "05_Dropdown" */;
			compatibilityVersion = "Xcode 9.3";
			developmentRegion = en;
			hasScannedForEncodings = 0;
			knownRegions = (
				en,
				Base,
			);
			mainGroup = BB25294E22155EA200DB9671;
			productRefGroup = BB25295822155EA200DB9671 /* Products */;
			projectDirPath = "";
			projectRoot = "";
			targets = (
				BB25295622155EA200DB9671 /* 05_Dropdown */,
			);
		};
/* End PBXProject section */

/* Begin PBXResourcesBuildPhase section */
		BB25295522155EA200DB9671 /* Resources */ = {
			isa = PBXResourcesBuildPhase;
			buildActionMask = 2147483647;
			files = (
				BB25296522155EA300DB9671 /* LaunchScreen.storyboard in Resources */,
				BB25296222155EA300DB9671 /* Assets.xcassets in Resources */,
				BB25296022155EA200DB9671 /* Main.storyboard in Resources */,
			);
			runOnlyForDeploymentPostprocessing = 0;
		};
/* End PBXResourcesBuildPhase section */

/* Begin PBXShellScriptBuildPhase section */
		11126150D6B0B5EC6EB13B18 /* [CP] Embed Pods Frameworks */ = {
			isa = PBXShellScriptBuildPhase;
			buildActionMask = 2147483647;
			files = (
			);
			inputFileListPaths = (
			);
			inputPaths = (
				"${PODS_ROOT}/Target Support Files/Pods-05_Dropdown/Pods-05_Dropdown-frameworks.sh",
				"${BUILT_PRODUCTS_DIR}/DropDown/DropDown.framework",
			);
			name = "[CP] Embed Pods Frameworks";
			outputFileListPaths = (
			);
			outputPaths = (
				"${TARGET_BUILD_DIR}/${FRAMEWORKS_FOLDER_PATH}/DropDown.framework",
			);
			runOnlyForDeploymentPostprocessing = 0;
			shellPath = /bin/sh;
			shellScript = "\"${PODS_ROOT}/Target Support Files/Pods-05_Dropdown/Pods-05_Dropdown-frameworks.sh\"\n";
			showEnvVarsInLog = 0;
		};
		18084908230DA3119A7E35F8 /* [CP] Check Pods Manifest.lock */ = {
			isa = PBXShellScriptBuildPhase;
			buildActionMask = 2147483647;
			files = (
			);
			inputFileListPaths = (
			);
			inputPaths = (
				"${PODS_PODFILE_DIR_PATH}/Podfile.lock",
				"${PODS_ROOT}/Manifest.lock",
			);
			name = "[CP] Check Pods Manifest.lock";
			outputFileListPaths = (
			);
			outputPaths = (
				"$(DERIVED_FILE_DIR)/Pods-05_Dropdown-checkManifestLockResult.txt",
			);
			runOnlyForDeploymentPostprocessing = 0;
			shellPath = /bin/sh;
			shellScript = "diff \"${PODS_PODFILE_DIR_PATH}/Podfile.lock\" \"${PODS_ROOT}/Manifest.lock\" > /dev/null\nif [ $? != 0 ] ; then\n    # print error to STDERR\n    echo \"error: The sandbox is not in sync with the Podfile.lock. Run 'pod install' or update your CocoaPods installation.\" >&2\n    exit 1\nfi\n# This output is used by Xcode 'outputs' to avoid re-running this script phase.\necho \"SUCCESS\" > \"${SCRIPT_OUTPUT_FILE_0}\"\n";
			showEnvVarsInLog = 0;
		};
/* End PBXShellScriptBuildPhase section */

/* Begin PBXSourcesBuildPhase section */
		BB25295322155EA200DB9671 /* Sources */ = {
			isa = PBXSourcesBuildPhase;
			buildActionMask = 2147483647;
			files = (
				BB25295D22155EA200DB9671 /* ViewController.swift in Sources */,
				BB25295B22155EA200DB9671 /* AppDelegate.swift in Sources */,
			);
			runOnlyForDeploymentPostprocessing = 0;
		};
/* End PBXSourcesBuildPhase section */

/* Begin PBXVariantGroup section */
		BB25295E22155EA200DB9671 /* Main.storyboard */ = {
			isa = PBXVariantGroup;
			children = (
				BB25295F22155EA200DB9671 /* Base */,
			);
			name = Main.storyboard;
			sourceTree = "<group>";
		};
		BB25296322155EA300DB9671 /* LaunchScreen.storyboard */ = {
			isa = PBXVariantGroup;
			children = (
				BB25296422155EA300DB9671 /* Base */,
			);
			name = LaunchScreen.storyboard;
			sourceTree = "<group>";
		};
/* End PBXVariantGroup section */

/* Begin XCBuildConfiguration section */
		BB25296722155EA400DB9671 /* Debug */ = {
			isa = XCBuildConfiguration;
			buildSettings = {
				ALWAYS_SEARCH_USER_PATHS = NO;
				CLANG_ANALYZER_NONNULL = YES;
				CLANG_ANALYZER_NUMBER_OBJECT_CONVERSION = YES_AGGRESSIVE;
				CLANG_CXX_LANGUAGE_STANDARD = "gnu++14";
				CLANG_CXX_LIBRARY = "libc++";
				CLANG_ENABLE_MODULES = YES;
				CLANG_ENABLE_OBJC_ARC = YES;
				CLANG_ENABLE_OBJC_WEAK = YES;
				CLANG_WARN_BLOCK_CAPTURE_AUTORELEASING = YES;
				CLANG_WARN_BOOL_CONVERSION = YES;
				CLANG_WARN_COMMA = YES;
				CLANG_WARN_CONSTANT_CONVERSION = YES;
				CLANG_WARN_DEPRECATED_OBJC_IMPLEMENTATIONS = YES;
				CLANG_WARN_DIRECT_OBJC_ISA_USAGE = YES_ERROR;
				CLANG_WARN_DOCUMENTATION_COMMENTS = YES;
				CLANG_WARN_EMPTY_BODY = YES;
				CLANG_WARN_ENUM_CONVERSION = YES;
				CLANG_WARN_INFINITE_RECURSION = YES;
				CLANG_WARN_INT_CONVERSION = YES;
				CLANG_WARN_NON_LITERAL_NULL_CONVERSION = YES;
				CLANG_WARN_OBJC_IMPLICIT_RETAIN_SELF = YES;
				CLANG_WARN_OBJC_LITERAL_CONVERSION = YES;
				CLANG_WARN_OBJC_ROOT_CLASS = YES_ERROR;
				CLANG_WARN_RANGE_LOOP_ANALYSIS = YES;
				CLANG_WARN_STRICT_PROTOTYPES = YES;
				CLANG_WARN_SUSPICIOUS_MOVE = YES;
				CLANG_WARN_UNGUARDED_AVAILABILITY = YES_AGGRESSIVE;
				CLANG_WARN_UNREACHABLE_CODE = YES;
				CLANG_WARN__DUPLICATE_METHOD_MATCH = YES;
				CODE_SIGN_IDENTITY = "iPhone Developer";
				COPY_PHASE_STRIP = NO;
				DEBUG_INFORMATION_FORMAT = dwarf;
				ENABLE_STRICT_OBJC_MSGSEND = YES;
				ENABLE_TESTABILITY = YES;
				GCC_C_LANGUAGE_STANDARD = gnu11;
				GCC_DYNAMIC_NO_PIC = NO;
				GCC_NO_COMMON_BLOCKS = YES;
				GCC_OPTIMIZATION_LEVEL = 0;
				GCC_PREPROCESSOR_DEFINITIONS = (
					"DEBUG=1",
					"$(inherited)",
				);
				GCC_WARN_64_TO_32_BIT_CONVERSION = YES;
				GCC_WARN_ABOUT_RETURN_TYPE = YES_ERROR;
				GCC_WARN_UNDECLARED_SELECTOR = YES;
				GCC_WARN_UNINITIALIZED_AUTOS = YES_AGGRESSIVE;
				GCC_WARN_UNUSED_FUNCTION = YES;
				GCC_WARN_UNUSED_VARIABLE = YES;
				IPHONEOS_DEPLOYMENT_TARGET = 12.1;
				MTL_ENABLE_DEBUG_INFO = INCLUDE_SOURCE;
				MTL_FAST_MATH = YES;
				ONLY_ACTIVE_ARCH = YES;
				SDKROOT = iphoneos;
				SWIFT_ACTIVE_COMPILATION_CONDITIONS = DEBUG;
				SWIFT_OPTIMIZATION_LEVEL = "-Onone";
			};
			name = Debug;
		};
		BB25296822155EA400DB9671 /* Release */ = {
			isa = XCBuildConfiguration;
			buildSettings = {
				ALWAYS_SEARCH_USER_PATHS = NO;
				CLANG_ANALYZER_NONNULL = YES;
				CLANG_ANALYZER_NUMBER_OBJECT_CONVERSION = YES_AGGRESSIVE;
				CLANG_CXX_LANGUAGE_STANDARD = "gnu++14";
				CLANG_CXX_LIBRARY = "libc++";
				CLANG_ENABLE_MODULES = YES;
				CLANG_ENABLE_OBJC_ARC = YES;
				CLANG_ENABLE_OBJC_WEAK = YES;
				CLANG_WARN_BLOCK_CAPTURE_AUTORELEASING = YES;
				CLANG_WARN_BOOL_CONVERSION = YES;
				CLANG_WARN_COMMA = YES;
				CLANG_WARN_CONSTANT_CONVERSION = YES;
				CLANG_WARN_DEPRECATED_OBJC_IMPLEMENTATIONS = YES;
				CLANG_WARN_DIRECT_OBJC_ISA_USAGE = YES_ERROR;
				CLANG_WARN_DOCUMENTATION_COMMENTS = YES;
				CLANG_WARN_EMPTY_BODY = YES;
				CLANG_WARN_ENUM_CONVERSION = YES;
				CLANG_WARN_INFINITE_RECURSION = YES;
				CLANG_WARN_INT_CONVERSION = YES;
				CLANG_WARN_NON_LITERAL_NULL_CONVERSION = YES;
				CLANG_WARN_OBJC_IMPLICIT_RETAIN_SELF = YES;
				CLANG_WARN_OBJC_LITERAL_CONVERSION = YES;
				CLANG_WARN_OBJC_ROOT_CLASS = YES_ERROR;
				CLANG_WARN_RANGE_LOOP_ANALYSIS = YES;
				CLANG_WARN_STRICT_PROTOTYPES = YES;
				CLANG_WARN_SUSPICIOUS_MOVE = YES;
				CLANG_WARN_UNGUARDED_AVAILABILITY = YES_AGGRESSIVE;
				CLANG_WARN_UNREACHABLE_CODE = YES;
				CLANG_WARN__DUPLICATE_METHOD_MATCH = YES;
				CODE_SIGN_IDENTITY = "iPhone Developer";
				COPY_PHASE_STRIP = NO;
				DEBUG_INFORMATION_FORMAT = "dwarf-with-dsym";
				ENABLE_NS_ASSERTIONS = NO;
				ENABLE_STRICT_OBJC_MSGSEND = YES;
				GCC_C_LANGUAGE_STANDARD = gnu11;
				GCC_NO_COMMON_BLOCKS = YES;
				GCC_WARN_64_TO_32_BIT_CONVERSION = YES;
				GCC_WARN_ABOUT_RETURN_TYPE = YES_ERROR;
				GCC_WARN_UNDECLARED_SELECTOR = YES;
				GCC_WARN_UNINITIALIZED_AUTOS = YES_AGGRESSIVE;
				GCC_WARN_UNUSED_FUNCTION = YES;
				GCC_WARN_UNUSED_VARIABLE = YES;
				IPHONEOS_DEPLOYMENT_TARGET = 12.1;
				MTL_ENABLE_DEBUG_INFO = NO;
				MTL_FAST_MATH = YES;
				SDKROOT = iphoneos;
				SWIFT_COMPILATION_MODE = wholemodule;
				SWIFT_OPTIMIZATION_LEVEL = "-O";
				VALIDATE_PRODUCT = YES;
			};
			name = Release;
		};
		BB25296A22155EA400DB9671 /* Debug */ = {
			isa = XCBuildConfiguration;
			baseConfigurationReference = 399EF8DC2BE86AC57373667B /* Pods-05_Dropdown.debug.xcconfig */;
			buildSettings = {
				ASSETCATALOG_COMPILER_APPICON_NAME = AppIcon;
				CODE_SIGN_STYLE = Automatic;
				DEVELOPMENT_TEAM = 8M6N9923S8;
				INFOPLIST_FILE = 05_Dropdown/Info.plist;
				LD_RUNPATH_SEARCH_PATHS = (
					"$(inherited)",
					"@executable_path/Frameworks",
				);
				PRODUCT_BUNDLE_IDENTIFIER = "proj.gunw.-5-Dropdown";
				PRODUCT_NAME = "$(TARGET_NAME)";
				SWIFT_VERSION = 4.2;
				TARGETED_DEVICE_FAMILY = "1,2";
			};
			name = Debug;
		};
		BB25296B22155EA400DB9671 /* Release */ = {
			isa = XCBuildConfiguration;
			baseConfigurationReference = DDA2085A83525312E4F10BEC /* Pods-05_Dropdown.release.xcconfig */;
			buildSettings = {
				ASSETCATALOG_COMPILER_APPICON_NAME = AppIcon;
				CODE_SIGN_STYLE = Automatic;
				DEVELOPMENT_TEAM = 8M6N9923S8;
				INFOPLIST_FILE = 05_Dropdown/Info.plist;
				LD_RUNPATH_SEARCH_PATHS = (
					"$(inherited)",
					"@executable_path/Frameworks",
				);
				PRODUCT_BUNDLE_IDENTIFIER = "proj.gunw.-5-Dropdown";
				PRODUCT_NAME = "$(TARGET_NAME)";
				SWIFT_VERSION = 4.2;
				TARGETED_DEVICE_FAMILY = "1,2";
			};
			name = Release;
		};
/* End XCBuildConfiguration section */

/* Begin XCConfigurationList section */
		BB25295222155EA200DB9671 /* Build configuration list for PBXProject "05_Dropdown" */ = {
			isa = XCConfigurationList;
			buildConfigurations = (
				BB25296722155EA400DB9671 /* Debug */,
				BB25296822155EA400DB9671 /* Release */,
			);
			defaultConfigurationIsVisible = 0;
			defaultConfigurationName = Release;
		};
		BB25296922155EA400DB9671 /* Build configuration list for PBXNativeTarget "05_Dropdown" */ = {
			isa = XCConfigurationList;
			buildConfigurations = (
				BB25296A22155EA400DB9671 /* Debug */,
				BB25296B22155EA400DB9671 /* Release */,
			);
			defaultConfigurationIsVisible = 0;
			defaultConfigurationName = Release;
		};
/* End XCConfigurationList section */
	};
	rootObject = BB25294F22155EA200DB9671 /* Project object */;
}
